
Microsoft Visual Studio Solution File, Format Version 12.00
# Visual Studio 2013
VisualStudioVersion = 12.0.31101.0
MinimumVisualStudioVersion = 10.0.40219.1
Project("{FAE04EC0-301F-11D3-BF4B-00C04F79EFBC}") = "EfMigrationModelDecoder.Core", "EfMigrationModelDecoder.Core\EfMigrationModelDecoder.Core.csproj", "{1C0402A1-40A7-4B97-B2DE-DF86CF80D8EF}"
EndProject
Project("{FAE04EC0-301F-11D3-BF4B-00C04F79EFBC}") = "EfMigrationModelDecoder.Cli", "EfMigrationModelDecoder.Cli\EfMigrationModelDecoder.Cli.csproj", "{3ED36A7E-FCCA-4DEB-A8E3-A160D97B2D70}"
EndProject
Global
	GlobalSection(SolutionConfigurationPlatforms) = preSolution
		Debug|Any CPU = Debug|Any CPU
		Release|Any CPU = Release|Any CPU
	EndGlobalSection
	GlobalSection(ProjectConfigurationPlatforms) = postSolution
		{1C0402A1-40A7-4B97-B2DE-DF86CF80D8EF}.Debug|Any CPU.ActiveCfg = Debug|Any CPU
		{1C0402A1-40A7-4B97-B2DE-DF86CF80D8EF}.Debug|Any CPU.Build.0 = Debug|Any CPU
		{1C0402A1-40A7-4B97-B2DE-DF86CF80D8EF}.Release|Any CPU.ActiveCfg = Release|Any CPU
		{1C0402A1-40A7-4B97-B2DE-DF86CF80D8EF}.Release|Any CPU.Build.0 = Release|Any CPU
		{3ED36A7E-FCCA-4DEB-A8E3-A160D97B2D70}.Debug|Any CPU.ActiveCfg = Debug|Any CPU
		{3ED36A7E-FCCA-4DEB-A8E3-A160D97B2D70}.Debug|Any CPU.Build.0 = Debug|Any CPU
		{3ED36A7E-FCCA-4DEB-A8E3-A160D97B2D70}.Release|Any CPU.ActiveCfg = Release|Any CPU
		{3ED36A7E-FCCA-4DEB-A8E3-A160D97B2D70}.Release|Any CPU.Build.0 = Release|Any CPU
	EndGlobalSection
	GlobalSection(SolutionProperties) = preSolution
		HideSolutionNode = FALSE
	EndGlobalSection
EndGlobal
